
Microsoft Visual Studio Solution File, Format Version 12.00
# Visual Studio Version 16
VisualStudioVersion = 16.0.29728.190
MinimumVisualStudioVersion = 10.0.40219.1
Project("{FAE04EC0-301F-11D3-BF4B-00C04F79EFBC}") = "Northwind", "Northwind.csproj", "{299F14D3-AC23-487D-90A6-0FA72D1B64A6}"
EndProject
Global
	GlobalSection(SolutionConfigurationPlatforms) = preSolution
		Debug|Any CPU = Debug|Any CPU
		Release|Any CPU = Release|Any CPU
	EndGlobalSection
	GlobalSection(ProjectConfigurationPlatforms) = postSolution
		{299F14D3-AC23-487D-90A6-0FA72D1B64A6}.Debug|Any CPU.ActiveCfg = Debug|Any CPU
		{299F14D3-AC23-487D-90A6-0FA72D1B64A6}.Debug|Any CPU.Build.0 = Debug|Any CPU
		{299F14D3-AC23-487D-90A6-0FA72D1B64A6}.Release|Any CPU.ActiveCfg = Release|Any CPU
		{299F14D3-AC23-487D-90A6-0FA72D1B64A6}.Release|Any CPU.Build.0 = Release|Any CPU
	EndGlobalSection
	GlobalSection(SolutionProperties) = preSolution
		HideSolutionNode = FALSE
	EndGlobalSection
	GlobalSection(ExtensibilityGlobals) = postSolution
		SolutionGuid = {2293CB80-C63D-46FA-AFE4-0F328155E9D9}
	EndGlobalSection
EndGlobal
